# THIS IS AN AUTOGENERATED FILE. DO NOT EDIT THIS FILE DIRECTLY.
# yarn lockfile v1


certlogic-js@^0.9.2:
  version "0.9.2"
  resolved "https://registry.yarnpkg.com/certlogic-js/-/certlogic-js-0.9.2.tgz#1ed370acfd8a7b4362eec0232d176f7ca4fa97a8"
  integrity sha512-2r6+8B5thnSsFN+MZKCmPicTocUULIVmmUCgpNHx81RKyAkjr3hI9LZ1mA3loB6mZ5qNU0pFyC7r9uI7Yyj1iQ==
